// !$*UTF8*$!
{
	archiveVersion = 1;
	classes = {
	};
	objectVersion = 50;
	objects = {

/* Begin PBXBuildFile section */
		778629C5225D0105009BDE15 /* AppDelegate.swift in Sources */ = {isa = PBXBuildFile; fileRef = 778629C4225D0105009BDE15 /* AppDelegate.swift */; };
		778629C7225D0105009BDE15 /* ViewController.swift in Sources */ = {isa = PBXBuildFile; fileRef = 778629C6225D0105009BDE15 /* ViewController.swift */; };
		778629CA225D0105009BDE15 /* Main.storyboard in Resources */ = {isa = PBXBuildFile; fileRef = 778629C8225D0105009BDE15 /* Main.storyboard */; };
		778629CC225D0106009BDE15 /* Assets.xcassets in Resources */ = {isa = PBXBuildFile; fileRef = 778629CB225D0106009BDE15 /* Assets.xcassets */; };
		778629CF225D0106009BDE15 /* LaunchScreen.storyboard in Resources */ = {isa = PBXBuildFile; fileRef = 778629CD225D0106009BDE15 /* LaunchScreen.storyboard */; };
		778629DA225D0106009BDE15 /* ExploreRxSwiftTests.swift in Sources */ = {isa = PBXBuildFile; fileRef = 778629D9225D0106009BDE15 /* ExploreRxSwiftTests.swift */; };
/* End PBXBuildFile section */

/* Begin PBXContainerItemProxy section */
		778629D6225D0106009BDE15 /* PBXContainerItemProxy */ = {
			isa = PBXContainerItemProxy;
			containerPortal = 778629B9225D0105009BDE15 /* Project object */;
			proxyType = 1;
			remoteGlobalIDString = 778629C0225D0105009BDE15;
			remoteInfo = ExploreRxSwift;
		};
/* End PBXContainerItemProxy section */

/* Begin PBXFileReference section */
		778629C1225D0105009BDE15 /* ExploreRxSwift.app */ = {isa = PBXFileReference; explicitFileType = wrapper.application; includeInIndex = 0; path = ExploreRxSwift.app; sourceTree = BUILT_PRODUCTS_DIR; };
		778629C4225D0105009BDE15 /* AppDelegate.swift */ = {isa = PBXFileReference; lastKnownFileType = sourcecode.swift; path = AppDelegate.swift; sourceTree = "<group>"; };
		778629C6225D0105009BDE15 /* ViewController.swift */ = {isa = PBXFileReference; lastKnownFileType = sourcecode.swift; path = ViewController.swift; sourceTree = "<group>"; };
		778629C9225D0105009BDE15 /* Base */ = {isa = PBXFileReference; lastKnownFileType = file.storyboard; name = Base; path = Base.lproj/Main.storyboard; sourceTree = "<group>"; };
		778629CB225D0106009BDE15 /* Assets.xcassets */ = {isa = PBXFileReference; lastKnownFileType = folder.assetcatalog; path = Assets.xcassets; sourceTree = "<group>"; };
		778629CE225D0106009BDE15 /* Base */ = {isa = PBXFileReference; lastKnownFileType = file.storyboard; name = Base; path = Base.lproj/LaunchScreen.storyboard; sourceTree = "<group>"; };
		778629D0225D0106009BDE15 /* Info.plist */ = {isa = PBXFileReference; lastKnownFileType = text.plist.xml; path = Info.plist; sourceTree = "<group>"; };
		778629D5225D0106009BDE15 /* ExploreRxSwiftTests.xctest */ = {isa = PBXFileReference; explicitFileType = wrapper.cfbundle; includeInIndex = 0; path = ExploreRxSwiftTests.xctest; sourceTree = BUILT_PRODUCTS_DIR; };
		778629D9225D0106009BDE15 /* ExploreRxSwiftTests.swift */ = {isa = PBXFileReference; lastKnownFileType = sourcecode.swift; path = ExploreRxSwiftTests.swift; sourceTree = "<group>"; };
		778629DB225D0106009BDE15 /* Info.plist */ = {isa = PBXFileReference; lastKnownFileType = text.plist.xml; path = Info.plist; sourceTree = "<group>"; };
/* End PBXFileReference section */

/* Begin PBXFrameworksBuildPhase section */
		778629BE225D0105009BDE15 /* Frameworks */ = {
			isa = PBXFrameworksBuildPhase;
			buildActionMask = 2147483647;
			files = (
			);
			runOnlyForDeploymentPostprocessing = 0;
		};
		778629D2225D0106009BDE15 /* Frameworks */ = {
			isa = PBXFrameworksBuildPhase;
			buildActionMask = 2147483647;
			files = (
			);
			runOnlyForDeploymentPostprocessing = 0;
		};
/* End PBXFrameworksBuildPhase section */

/* Begin PBXGroup section */
		778629B8225D0105009BDE15 = {
			isa = PBXGroup;
			children = (
				778629C3225D0105009BDE15 /* ExploreRxSwift */,
				778629D8225D0106009BDE15 /* ExploreRxSwiftTests */,
				778629C2225D0105009BDE15 /* Products */,
			);
			sourceTree = "<group>";
		};
		778629C2225D0105009BDE15 /* Products */ = {
			isa = PBXGroup;
			children = (
				778629C1225D0105009BDE15 /* ExploreRxSwift.app */,
				778629D5225D0106009BDE15 /* ExploreRxSwiftTests.xctest */,
			);
			name = Products;
			sourceTree = "<group>";
		};
		778629C3225D0105009BDE15 /* ExploreRxSwift */ = {
			isa = PBXGroup;
			children = (
				778629C4225D0105009BDE15 /* AppDelegate.swift */,
				778629C6225D0105009BDE15 /* ViewController.swift */,
				778629C8225D0105009BDE15 /* Main.storyboard */,
				778629CB225D0106009BDE15 /* Assets.xcassets */,
				778629CD225D0106009BDE15 /* LaunchScreen.storyboard */,
				778629D0225D0106009BDE15 /* Info.plist */,
			);
			path = ExploreRxSwift;
			sourceTree = "<group>";
		};
		778629D8225D0106009BDE15 /* ExploreRxSwiftTests */ = {
			isa = PBXGroup;
			children = (
				778629D9225D0106009BDE15 /* ExploreRxSwiftTests.swift */,
				778629DB225D0106009BDE15 /* Info.plist */,
			);
			path = ExploreRxSwiftTests;
			sourceTree = "<group>";
		};
/* End PBXGroup section */

/* Begin PBXNativeTarget section */
		778629C0225D0105009BDE15 /* ExploreRxSwift */ = {
			isa = PBXNativeTarget;
			buildConfigurationList = 778629DE225D0106009BDE15 /* Build configuration list for PBXNativeTarget "ExploreRxSwift" */;
			buildPhases = (
				778629BD225D0105009BDE15 /* Sources */,
				778629BE225D0105009BDE15 /* Frameworks */,
				778629BF225D0105009BDE15 /* Resources */,
			);
			buildRules = (
			);
			dependencies = (
			);
			name = ExploreRxSwift;
			productName = ExploreRxSwift;
			productReference = 778629C1225D0105009BDE15 /* ExploreRxSwift.app */;
			productType = "com.apple.product-type.application";
		};
		778629D4225D0106009BDE15 /* ExploreRxSwiftTests */ = {
			isa = PBXNativeTarget;
			buildConfigurationList = 778629E1225D0106009BDE15 /* Build configuration list for PBXNativeTarget "ExploreRxSwiftTests" */;
			buildPhases = (
				778629D1225D0106009BDE15 /* Sources */,
				778629D2225D0106009BDE15 /* Frameworks */,
				778629D3225D0106009BDE15 /* Resources */,
			);
			buildRules = (
			);
			dependencies = (
				778629D7225D0106009BDE15 /* PBXTargetDependency */,
			);
			name = ExploreRxSwiftTests;
			productName = ExploreRxSwiftTests;
			productReference = 778629D5225D0106009BDE15 /* ExploreRxSwiftTests.xctest */;
			productType = "com.apple.product-type.bundle.unit-test";
		};
/* End PBXNativeTarget section */

/* Begin PBXProject section */
		778629B9225D0105009BDE15 /* Project object */ = {
			isa = PBXProject;
			attributes = {
				LastSwiftUpdateCheck = 1020;
				LastUpgradeCheck = 1020;
				ORGANIZATIONNAME = markopejovic;
				TargetAttributes = {
					778629C0225D0105009BDE15 = {
						CreatedOnToolsVersion = 10.2;
					};
					778629D4225D0106009BDE15 = {
						CreatedOnToolsVersion = 10.2;
						TestTargetID = 778629C0225D0105009BDE15;
					};
				};
			};
			buildConfigurationList = 778629BC225D0105009BDE15 /* Build configuration list for PBXProject "ExploreRxSwift" */;
			compatibilityVersion = "Xcode 9.3";
			developmentRegion = en;
			hasScannedForEncodings = 0;
			knownRegions = (
				en,
				Base,
			);
			mainGroup = 778629B8225D0105009BDE15;
			productRefGroup = 778629C2225D0105009BDE15 /* Products */;
			projectDirPath = "";
			projectRoot = "";
			targets = (
				778629C0225D0105009BDE15 /* ExploreRxSwift */,
				778629D4225D0106009BDE15 /* ExploreRxSwiftTests */,
			);
		};
/* End PBXProject section */

/* Begin PBXResourcesBuildPhase section */
		778629BF225D0105009BDE15 /* Resources */ = {
			isa = PBXResourcesBuildPhase;
			buildActionMask = 2147483647;
			files = (
				778629CF225D0106009BDE15 /* LaunchScreen.storyboard in Resources */,
				778629CC225D0106009BDE15 /* Assets.xcassets in Resources */,
				778629CA225D0105009BDE15 /* Main.storyboard in Resources */,
			);
			runOnlyForDeploymentPostprocessing = 0;
		};
		778629D3225D0106009BDE15 /* Resources */ = {
			isa = PBXResourcesBuildPhase;
			buildActionMask = 2147483647;
			files = (
			);
			runOnlyForDeploymentPostprocessing = 0;
		};
/* End PBXResourcesBuildPhase section */

/* Begin PBXSourcesBuildPhase section */
		778629BD225D0105009BDE15 /* Sources */ = {
			isa = PBXSourcesBuildPhase;
			buildActionMask = 2147483647;
			files = (
				778629C7225D0105009BDE15 /* ViewController.swift in Sources */,
				778629C5225D0105009BDE15 /* AppDelegate.swift in Sources */,
			);
			runOnlyForDeploymentPostprocessing = 0;
		};
		778629D1225D0106009BDE15 /* Sources */ = {
			isa = PBXSourcesBuildPhase;
			buildActionMask = 2147483647;
			files = (
				778629DA225D0106009BDE15 /* ExploreRxSwiftTests.swift in Sources */,
			);
			runOnlyForDeploymentPostprocessing = 0;
		};
/* End PBXSourcesBuildPhase section */

/* Begin PBXTargetDependency section */
		778629D7225D0106009BDE15 /* PBXTargetDependency */ = {
			isa = PBXTargetDependency;
			target = 778629C0225D0105009BDE15 /* ExploreRxSwift */;
			targetProxy = 778629D6225D0106009BDE15 /* PBXContainerItemProxy */;
		};
/* End PBXTargetDependency section */

/* Begin PBXVariantGroup section */
		778629C8225D0105009BDE15 /* Main.storyboard */ = {
			isa = PBXVariantGroup;
			children = (
				778629C9225D0105009BDE15 /* Base */,
			);
			name = Main.storyboard;
			sourceTree = "<group>";
		};
		778629CD225D0106009BDE15 /* LaunchScreen.storyboard */ = {
			isa = PBXVariantGroup;
			children = (
				778629CE225D0106009BDE15 /* Base */,
			);
			name = LaunchScreen.storyboard;
			sourceTree = "<group>";
		};
/* End PBXVariantGroup section */

/* Begin XCBuildConfiguration section */
		778629DC225D0106009BDE15 /* Debug */ = {
			isa = XCBuildConfiguration;
			buildSettings = {
				ALWAYS_SEARCH_USER_PATHS = NO;
				CLANG_ANALYZER_NONNULL = YES;
				CLANG_ANALYZER_NUMBER_OBJECT_CONVERSION = YES_AGGRESSIVE;
				CLANG_CXX_LANGUAGE_STANDARD = "gnu++14";
				CLANG_CXX_LIBRARY = "libc++";
				CLANG_ENABLE_MODULES = YES;
				CLANG_ENABLE_OBJC_ARC = YES;
				CLANG_ENABLE_OBJC_WEAK = YES;
				CLANG_WARN_BLOCK_CAPTURE_AUTORELEASING = YES;
				CLANG_WARN_BOOL_CONVERSION = YES;
				CLANG_WARN_COMMA = YES;
				CLANG_WARN_CONSTANT_CONVERSION = YES;
				CLANG_WARN_DEPRECATED_OBJC_IMPLEMENTATIONS = YES;
				CLANG_WARN_DIRECT_OBJC_ISA_USAGE = YES_ERROR;
				CLANG_WARN_DOCUMENTATION_COMMENTS = YES;
				CLANG_WARN_EMPTY_BODY = YES;
				CLANG_WARN_ENUM_CONVERSION = YES;
				CLANG_WARN_INFINITE_RECURSION = YES;
				CLANG_WARN_INT_CONVERSION = YES;
				CLANG_WARN_NON_LITERAL_NULL_CONVERSION = YES;
				CLANG_WARN_OBJC_IMPLICIT_RETAIN_SELF = YES;
				CLANG_WARN_OBJC_LITERAL_CONVERSION = YES;
				CLANG_WARN_OBJC_ROOT_CLASS = YES_ERROR;
				CLANG_WARN_RANGE_LOOP_ANALYSIS = YES;
				CLANG_WARN_STRICT_PROTOTYPES = YES;
				CLANG_WARN_SUSPICIOUS_MOVE = YES;
				CLANG_WARN_UNGUARDED_AVAILABILITY = YES_AGGRESSIVE;
				CLANG_WARN_UNREACHABLE_CODE = YES;
				CLANG_WARN__DUPLICATE_METHOD_MATCH = YES;
				CODE_SIGN_IDENTITY = "iPhone Developer";
				COPY_PHASE_STRIP = NO;
				DEBUG_INFORMATION_FORMAT = dwarf;
				ENABLE_STRICT_OBJC_MSGSEND = YES;
				ENABLE_TESTABILITY = YES;
				GCC_C_LANGUAGE_STANDARD = gnu11;
				GCC_DYNAMIC_NO_PIC = NO;
				GCC_NO_COMMON_BLOCKS = YES;
				GCC_OPTIMIZATION_LEVEL = 0;
				GCC_PREPROCESSOR_DEFINITIONS = (
					"DEBUG=1",
					"$(inherited)",
				);
				GCC_WARN_64_TO_32_BIT_CONVERSION = YES;
				GCC_WARN_ABOUT_RETURN_TYPE = YES_ERROR;
				GCC_WARN_UNDECLARED_SELECTOR = YES;
				GCC_WARN_UNINITIALIZED_AUTOS = YES_AGGRESSIVE;
				GCC_WARN_UNUSED_FUNCTION = YES;
				GCC_WARN_UNUSED_VARIABLE = YES;
				IPHONEOS_DEPLOYMENT_TARGET = 12.2;
				MTL_ENABLE_DEBUG_INFO = INCLUDE_SOURCE;
				MTL_FAST_MATH = YES;
				ONLY_ACTIVE_ARCH = YES;
				SDKROOT = iphoneos;
				SWIFT_ACTIVE_COMPILATION_CONDITIONS = DEBUG;
				SWIFT_OPTIMIZATION_LEVEL = "-Onone";
			};
			name = Debug;
		};
		778629DD225D0106009BDE15 /* Release */ = {
			isa = XCBuildConfiguration;
			buildSettings = {
				ALWAYS_SEARCH_USER_PATHS = NO;
				CLANG_ANALYZER_NONNULL = YES;
				CLANG_ANALYZER_NUMBER_OBJECT_CONVERSION = YES_AGGRESSIVE;
				CLANG_CXX_LANGUAGE_STANDARD = "gnu++14";
				CLANG_CXX_LIBRARY = "libc++";
				CLANG_ENABLE_MODULES = YES;
				CLANG_ENABLE_OBJC_ARC = YES;
				CLANG_ENABLE_OBJC_WEAK = YES;
				CLANG_WARN_BLOCK_CAPTURE_AUTORELEASING = YES;
				CLANG_WARN_BOOL_CONVERSION = YES;
				CLANG_WARN_COMMA = YES;
				CLANG_WARN_CONSTANT_CONVERSION = YES;
				CLANG_WARN_DEPRECATED_OBJC_IMPLEMENTATIONS = YES;
				CLANG_WARN_DIRECT_OBJC_ISA_USAGE = YES_ERROR;
				CLANG_WARN_DOCUMENTATION_COMMENTS = YES;
				CLANG_WARN_EMPTY_BODY = YES;
				CLANG_WARN_ENUM_CONVERSION = YES;
				CLANG_WARN_INFINITE_RECURSION = YES;
				CLANG_WARN_INT_CONVERSION = YES;
				CLANG_WARN_NON_LITERAL_NULL_CONVERSION = YES;
				CLANG_WARN_OBJC_IMPLICIT_RETAIN_SELF = YES;
				CLANG_WARN_OBJC_LITERAL_CONVERSION = YES;
				CLANG_WARN_OBJC_ROOT_CLASS = YES_ERROR;
				CLANG_WARN_RANGE_LOOP_ANALYSIS = YES;
				CLANG_WARN_STRICT_PROTOTYPES = YES;
				CLANG_WARN_SUSPICIOUS_MOVE = YES;
				CLANG_WARN_UNGUARDED_AVAILABILITY = YES_AGGRESSIVE;
				CLANG_WARN_UNREACHABLE_CODE = YES;
				CLANG_WARN__DUPLICATE_METHOD_MATCH = YES;
				CODE_SIGN_IDENTITY = "iPhone Developer";
				COPY_PHASE_STRIP = NO;
				DEBUG_INFORMATION_FORMAT = "dwarf-with-dsym";
				ENABLE_NS_ASSERTIONS = NO;
				ENABLE_STRICT_OBJC_MSGSEND = YES;
				GCC_C_LANGUAGE_STANDARD = gnu11;
				GCC_NO_COMMON_BLOCKS = YES;
				GCC_WARN_64_TO_32_BIT_CONVERSION = YES;
				GCC_WARN_ABOUT_RETURN_TYPE = YES_ERROR;
				GCC_WARN_UNDECLARED_SELECTOR = YES;
				GCC_WARN_UNINITIALIZED_AUTOS = YES_AGGRESSIVE;
				GCC_WARN_UNUSED_FUNCTION = YES;
				GCC_WARN_UNUSED_VARIABLE = YES;
				IPHONEOS_DEPLOYMENT_TARGET = 12.2;
				MTL_ENABLE_DEBUG_INFO = NO;
				MTL_FAST_MATH = YES;
				SDKROOT = iphoneos;
				SWIFT_COMPILATION_MODE = wholemodule;
				SWIFT_OPTIMIZATION_LEVEL = "-O";
				VALIDATE_PRODUCT = YES;
			};
			name = Release;
		};
		778629DF225D0106009BDE15 /* Debug */ = {
			isa = XCBuildConfiguration;
			buildSettings = {
				ASSETCATALOG_COMPILER_APPICON_NAME = AppIcon;
				CODE_SIGN_STYLE = Automatic;
				DEVELOPMENT_TEAM = 5U3DBFFCAK;
				INFOPLIST_FILE = ExploreRxSwift/Info.plist;
				LD_RUNPATH_SEARCH_PATHS = (
					"$(inherited)",
					"@executable_path/Frameworks",
				);
				PRODUCT_BUNDLE_IDENTIFIER = markopejovic.ExploreRxSwift;
				PRODUCT_NAME = "$(TARGET_NAME)";
				SWIFT_VERSION = 5.0;
				TARGETED_DEVICE_FAMILY = "1,2";
			};
			name = Debug;
		};
		778629E0225D0106009BDE15 /* Release */ = {
			isa = XCBuildConfiguration;
			buildSettings = {
				ASSETCATALOG_COMPILER_APPICON_NAME = AppIcon;
				CODE_SIGN_STYLE = Automatic;
				DEVELOPMENT_TEAM = 5U3DBFFCAK;
				INFOPLIST_FILE = ExploreRxSwift/Info.plist;
				LD_RUNPATH_SEARCH_PATHS = (
					"$(inherited)",
					"@executable_path/Frameworks",
				);
				PRODUCT_BUNDLE_IDENTIFIER = markopejovic.ExploreRxSwift;
				PRODUCT_NAME = "$(TARGET_NAME)";
				SWIFT_VERSION = 5.0;
				TARGETED_DEVICE_FAMILY = "1,2";
			};
			name = Release;
		};
		778629E2225D0106009BDE15 /* Debug */ = {
			isa = XCBuildConfiguration;
			buildSettings = {
				ALWAYS_EMBED_SWIFT_STANDARD_LIBRARIES = YES;
				BUNDLE_LOADER = "$(TEST_HOST)";
				CODE_SIGN_STYLE = Automatic;
				DEVELOPMENT_TEAM = 5U3DBFFCAK;
				INFOPLIST_FILE = ExploreRxSwiftTests/Info.plist;
				LD_RUNPATH_SEARCH_PATHS = (
					"$(inherited)",
					"@executable_path/Frameworks",
					"@loader_path/Frameworks",
				);
				PRODUCT_BUNDLE_IDENTIFIER = markopejovic.ExploreRxSwiftTests;
				PRODUCT_NAME = "$(TARGET_NAME)";
				SWIFT_VERSION = 5.0;
				TARGETED_DEVICE_FAMILY = "1,2";
				TEST_HOST = "$(BUILT_PRODUCTS_DIR)/ExploreRxSwift.app/ExploreRxSwift";
			};
			name = Debug;
		};
		778629E3225D0106009BDE15 /* Release */ = {
			isa = XCBuildConfiguration;
			buildSettings = {
				ALWAYS_EMBED_SWIFT_STANDARD_LIBRARIES = YES;
				BUNDLE_LOADER = "$(TEST_HOST)";
				CODE_SIGN_STYLE = Automatic;
				DEVELOPMENT_TEAM = 5U3DBFFCAK;
				INFOPLIST_FILE = ExploreRxSwiftTests/Info.plist;
				LD_RUNPATH_SEARCH_PATHS = (
					"$(inherited)",
					"@executable_path/Frameworks",
					"@loader_path/Frameworks",
				);
				PRODUCT_BUNDLE_IDENTIFIER = markopejovic.ExploreRxSwiftTests;
				PRODUCT_NAME = "$(TARGET_NAME)";
				SWIFT_VERSION = 5.0;
				TARGETED_DEVICE_FAMILY = "1,2";
				TEST_HOST = "$(BUILT_PRODUCTS_DIR)/ExploreRxSwift.app/ExploreRxSwift";
			};
			name = Release;
		};
/* End XCBuildConfiguration section */

/* Begin XCConfigurationList section */
		778629BC225D0105009BDE15 /* Build configuration list for PBXProject "ExploreRxSwift" */ = {
			isa = XCConfigurationList;
			buildConfigurations = (
				778629DC225D0106009BDE15 /* Debug */,
				778629DD225D0106009BDE15 /* Release */,
			);
			defaultConfigurationIsVisible = 0;
			defaultConfigurationName = Release;
		};
		778629DE225D0106009BDE15 /* Build configuration list for PBXNativeTarget "ExploreRxSwift" */ = {
			isa = XCConfigurationList;
			buildConfigurations = (
				778629DF225D0106009BDE15 /* Debug */,
				778629E0225D0106009BDE15 /* Release */,
			);
			defaultConfigurationIsVisible = 0;
			defaultConfigurationName = Release;
		};
		778629E1225D0106009BDE15 /* Build configuration list for PBXNativeTarget "ExploreRxSwiftTests" */ = {
			isa = XCConfigurationList;
			buildConfigurations = (
				778629E2225D0106009BDE15 /* Debug */,
				778629E3225D0106009BDE15 /* Release */,
			);
			defaultConfigurationIsVisible = 0;
			defaultConfigurationName = Release;
		};
/* End XCConfigurationList section */
	};
	rootObject = 778629B9225D0105009BDE15 /* Project object */;
}
