// !$*UTF8*$!
{
	archiveVersion = 1;
	classes = {
	};
	objectVersion = 50;
	objects = {

/* Begin PBXBuildFile section */
		772374F1228B75580077BF79 /* FormValidationVC.swift in Sources */ = {isa = PBXBuildFile; fileRef = 772374F0228B75580077BF79 /* FormValidationVC.swift */; };
		772374F3228B79470077BF79 /* Constant.swift in Sources */ = {isa = PBXBuildFile; fileRef = 772374F2228B79470077BF79 /* Constant.swift */; };
		775E2C6B227B5A4B00CEF06C /* OutputPresenting.swift in Sources */ = {isa = PBXBuildFile; fileRef = 775E2C6A227B5A4B00CEF06C /* OutputPresenting.swift */; };
		778629C5225D0105009BDE15 /* AppDelegate.swift in Sources */ = {isa = PBXBuildFile; fileRef = 778629C4225D0105009BDE15 /* AppDelegate.swift */; };
		778629C7225D0105009BDE15 /* TopicListVC.swift in Sources */ = {isa = PBXBuildFile; fileRef = 778629C6225D0105009BDE15 /* TopicListVC.swift */; };
		778629CC225D0106009BDE15 /* Assets.xcassets in Resources */ = {isa = PBXBuildFile; fileRef = 778629CB225D0106009BDE15 /* Assets.xcassets */; };
		778629CF225D0106009BDE15 /* LaunchScreen.storyboard in Resources */ = {isa = PBXBuildFile; fileRef = 778629CD225D0106009BDE15 /* LaunchScreen.storyboard */; };
		778629DA225D0106009BDE15 /* ExploreRxSwiftTests.swift in Sources */ = {isa = PBXBuildFile; fileRef = 778629D9225D0106009BDE15 /* ExploreRxSwiftTests.swift */; };
		77938E5222B0635F00CA5734 /* EventBusVC.swift in Sources */ = {isa = PBXBuildFile; fileRef = 77938E5122B0635F00CA5734 /* EventBusVC.swift */; };
		77938E5522B06FAD00CA5734 /* bufferWithTrigger.swift in Sources */ = {isa = PBXBuildFile; fileRef = 77938E5422B06FAD00CA5734 /* bufferWithTrigger.swift */; };
		779B17D722691146008F6BB0 /* Topics.swift in Sources */ = {isa = PBXBuildFile; fileRef = 779B17D622691146008F6BB0 /* Topics.swift */; };
		779B17DB22691182008F6BB0 /* BackgroundAndConcurrencyVC.swift in Sources */ = {isa = PBXBuildFile; fileRef = 779B17DA22691182008F6BB0 /* BackgroundAndConcurrencyVC.swift */; };
		779B17DF226918BD008F6BB0 /* TopicVC.swift in Sources */ = {isa = PBXBuildFile; fileRef = 779B17DE226918BD008F6BB0 /* TopicVC.swift */; };
		779B17F222692902008F6BB0 /* RxAtomic.framework in Frameworks */ = {isa = PBXBuildFile; fileRef = 779B17EE22692902008F6BB0 /* RxAtomic.framework */; };
		779B17F322692902008F6BB0 /* RxCocoa.framework in Frameworks */ = {isa = PBXBuildFile; fileRef = 779B17EF22692902008F6BB0 /* RxCocoa.framework */; };
		779B17F422692902008F6BB0 /* RxBlocking.framework in Frameworks */ = {isa = PBXBuildFile; fileRef = 779B17F022692902008F6BB0 /* RxBlocking.framework */; };
		779B17F522692902008F6BB0 /* RxSwift.framework in Frameworks */ = {isa = PBXBuildFile; fileRef = 779B17F122692902008F6BB0 /* RxSwift.framework */; };
		77B86B9F226FC7FE00727D42 /* Log.swift in Sources */ = {isa = PBXBuildFile; fileRef = 77B86B9E226FC7FE00727D42 /* Log.swift */; };
		77C8C8802279023E00E66AB6 /* AccumulateCallsVC.swift in Sources */ = {isa = PBXBuildFile; fileRef = 77C8C87F2279023E00E66AB6 /* AccumulateCallsVC.swift */; };
		77C8C88222790CDC00E66AB6 /* DebounceTextFieldVC.swift in Sources */ = {isa = PBXBuildFile; fileRef = 77C8C88122790CDC00E66AB6 /* DebounceTextFieldVC.swift */; };
		77E365B52294AE4E0095EE17 /* SimplePollingVC.swift in Sources */ = {isa = PBXBuildFile; fileRef = 77E365B42294AE4E0095EE17 /* SimplePollingVC.swift */; };
		77EFB9E822A72ABF009CA53B /* TwoWayDataBindingVC.swift in Sources */ = {isa = PBXBuildFile; fileRef = 77EFB9E722A72ABF009CA53B /* TwoWayDataBindingVC.swift */; };
		D41281462272CD7E0053D8F4 /* GitHubAPI.swift in Sources */ = {isa = PBXBuildFile; fileRef = D41281452272CD7E0053D8F4 /* GitHubAPI.swift */; };
		D41281482272CE0A0053D8F4 /* Repo.swift in Sources */ = {isa = PBXBuildFile; fileRef = D41281472272CE0A0053D8F4 /* Repo.swift */; };
		D412814A2272CF2F0053D8F4 /* GitHubReposVC.swift in Sources */ = {isa = PBXBuildFile; fileRef = D41281492272CF2F0053D8F4 /* GitHubReposVC.swift */; };
/* End PBXBuildFile section */

/* Begin PBXContainerItemProxy section */
		778629D6225D0106009BDE15 /* PBXContainerItemProxy */ = {
			isa = PBXContainerItemProxy;
			containerPortal = 778629B9225D0105009BDE15 /* Project object */;
			proxyType = 1;
			remoteGlobalIDString = 778629C0225D0105009BDE15;
			remoteInfo = ExploreRxSwift;
		};
/* End PBXContainerItemProxy section */

/* Begin PBXCopyFilesBuildPhase section */
		779B17EC226928EB008F6BB0 /* Embed Frameworks */ = {
			isa = PBXCopyFilesBuildPhase;
			buildActionMask = 2147483647;
			dstPath = "";
			dstSubfolderSpec = 10;
			files = (
			);
			name = "Embed Frameworks";
			runOnlyForDeploymentPostprocessing = 0;
		};
/* End PBXCopyFilesBuildPhase section */

/* Begin PBXFileReference section */
		772374F0228B75580077BF79 /* FormValidationVC.swift */ = {isa = PBXFileReference; lastKnownFileType = sourcecode.swift; path = FormValidationVC.swift; sourceTree = "<group>"; };
		772374F2228B79470077BF79 /* Constant.swift */ = {isa = PBXFileReference; lastKnownFileType = sourcecode.swift; path = Constant.swift; sourceTree = "<group>"; };
		775E2C6A227B5A4B00CEF06C /* OutputPresenting.swift */ = {isa = PBXFileReference; lastKnownFileType = sourcecode.swift; path = OutputPresenting.swift; sourceTree = "<group>"; };
		778629C1225D0105009BDE15 /* ExploreRxSwift.app */ = {isa = PBXFileReference; explicitFileType = wrapper.application; includeInIndex = 0; path = ExploreRxSwift.app; sourceTree = BUILT_PRODUCTS_DIR; };
		778629C4225D0105009BDE15 /* AppDelegate.swift */ = {isa = PBXFileReference; lastKnownFileType = sourcecode.swift; path = AppDelegate.swift; sourceTree = "<group>"; };
		778629C6225D0105009BDE15 /* TopicListVC.swift */ = {isa = PBXFileReference; lastKnownFileType = sourcecode.swift; path = TopicListVC.swift; sourceTree = "<group>"; };
		778629CB225D0106009BDE15 /* Assets.xcassets */ = {isa = PBXFileReference; lastKnownFileType = folder.assetcatalog; path = Assets.xcassets; sourceTree = "<group>"; };
		778629CE225D0106009BDE15 /* Base */ = {isa = PBXFileReference; lastKnownFileType = file.storyboard; name = Base; path = Base.lproj/LaunchScreen.storyboard; sourceTree = "<group>"; };
		778629D0225D0106009BDE15 /* Info.plist */ = {isa = PBXFileReference; lastKnownFileType = text.plist.xml; path = Info.plist; sourceTree = "<group>"; };
		778629D5225D0106009BDE15 /* ExploreRxSwiftTests.xctest */ = {isa = PBXFileReference; explicitFileType = wrapper.cfbundle; includeInIndex = 0; path = ExploreRxSwiftTests.xctest; sourceTree = BUILT_PRODUCTS_DIR; };
		778629D9225D0106009BDE15 /* ExploreRxSwiftTests.swift */ = {isa = PBXFileReference; lastKnownFileType = sourcecode.swift; path = ExploreRxSwiftTests.swift; sourceTree = "<group>"; };
		778629DB225D0106009BDE15 /* Info.plist */ = {isa = PBXFileReference; lastKnownFileType = text.plist.xml; path = Info.plist; sourceTree = "<group>"; };
		77938E5122B0635F00CA5734 /* EventBusVC.swift */ = {isa = PBXFileReference; lastKnownFileType = sourcecode.swift; path = EventBusVC.swift; sourceTree = "<group>"; };
		77938E5422B06FAD00CA5734 /* bufferWithTrigger.swift */ = {isa = PBXFileReference; lastKnownFileType = sourcecode.swift; path = bufferWithTrigger.swift; sourceTree = "<group>"; };
		779B17D622691146008F6BB0 /* Topics.swift */ = {isa = PBXFileReference; lastKnownFileType = sourcecode.swift; path = Topics.swift; sourceTree = "<group>"; };
		779B17DA22691182008F6BB0 /* BackgroundAndConcurrencyVC.swift */ = {isa = PBXFileReference; lastKnownFileType = sourcecode.swift; path = BackgroundAndConcurrencyVC.swift; sourceTree = "<group>"; };
		779B17DE226918BD008F6BB0 /* TopicVC.swift */ = {isa = PBXFileReference; lastKnownFileType = sourcecode.swift; path = TopicVC.swift; sourceTree = "<group>"; };
		779B17EE22692902008F6BB0 /* RxAtomic.framework */ = {isa = PBXFileReference; lastKnownFileType = wrapper.framework; name = RxAtomic.framework; path = Carthage/Build/iOS/RxAtomic.framework; sourceTree = "<group>"; };
		779B17EF22692902008F6BB0 /* RxCocoa.framework */ = {isa = PBXFileReference; lastKnownFileType = wrapper.framework; name = RxCocoa.framework; path = Carthage/Build/iOS/RxCocoa.framework; sourceTree = "<group>"; };
		779B17F022692902008F6BB0 /* RxBlocking.framework */ = {isa = PBXFileReference; lastKnownFileType = wrapper.framework; name = RxBlocking.framework; path = Carthage/Build/iOS/RxBlocking.framework; sourceTree = "<group>"; };
		779B17F122692902008F6BB0 /* RxSwift.framework */ = {isa = PBXFileReference; lastKnownFileType = wrapper.framework; name = RxSwift.framework; path = Carthage/Build/iOS/RxSwift.framework; sourceTree = "<group>"; };
		77B86B9E226FC7FE00727D42 /* Log.swift */ = {isa = PBXFileReference; lastKnownFileType = sourcecode.swift; path = Log.swift; sourceTree = "<group>"; };
		77C8C87F2279023E00E66AB6 /* AccumulateCallsVC.swift */ = {isa = PBXFileReference; lastKnownFileType = sourcecode.swift; path = AccumulateCallsVC.swift; sourceTree = "<group>"; };
		77C8C88122790CDC00E66AB6 /* DebounceTextFieldVC.swift */ = {isa = PBXFileReference; lastKnownFileType = sourcecode.swift; path = DebounceTextFieldVC.swift; sourceTree = "<group>"; };
		77E365B42294AE4E0095EE17 /* SimplePollingVC.swift */ = {isa = PBXFileReference; lastKnownFileType = sourcecode.swift; path = SimplePollingVC.swift; sourceTree = "<group>"; };
		77EFB9E722A72ABF009CA53B /* TwoWayDataBindingVC.swift */ = {isa = PBXFileReference; lastKnownFileType = sourcecode.swift; path = TwoWayDataBindingVC.swift; sourceTree = "<group>"; };
		D41281452272CD7E0053D8F4 /* GitHubAPI.swift */ = {isa = PBXFileReference; lastKnownFileType = sourcecode.swift; path = GitHubAPI.swift; sourceTree = "<group>"; };
		D41281472272CE0A0053D8F4 /* Repo.swift */ = {isa = PBXFileReference; lastKnownFileType = sourcecode.swift; path = Repo.swift; sourceTree = "<group>"; };
		D41281492272CF2F0053D8F4 /* GitHubReposVC.swift */ = {isa = PBXFileReference; lastKnownFileType = sourcecode.swift; path = GitHubReposVC.swift; sourceTree = "<group>"; };
/* End PBXFileReference section */

/* Begin PBXFrameworksBuildPhase section */
		778629BE225D0105009BDE15 /* Frameworks */ = {
			isa = PBXFrameworksBuildPhase;
			buildActionMask = 2147483647;
			files = (
				779B17F222692902008F6BB0 /* RxAtomic.framework in Frameworks */,
				779B17F322692902008F6BB0 /* RxCocoa.framework in Frameworks */,
				779B17F422692902008F6BB0 /* RxBlocking.framework in Frameworks */,
				779B17F522692902008F6BB0 /* RxSwift.framework in Frameworks */,
			);
			runOnlyForDeploymentPostprocessing = 0;
		};
		778629D2225D0106009BDE15 /* Frameworks */ = {
			isa = PBXFrameworksBuildPhase;
			buildActionMask = 2147483647;
			files = (
			);
			runOnlyForDeploymentPostprocessing = 0;
		};
/* End PBXFrameworksBuildPhase section */

/* Begin PBXGroup section */
		775E2C69227B5A3200CEF06C /* Core */ = {
			isa = PBXGroup;
			children = (
				77938E5322B06F9C00CA5734 /* Ext */,
				77B86B9E226FC7FE00727D42 /* Log.swift */,
				775E2C6A227B5A4B00CEF06C /* OutputPresenting.swift */,
				779B17DE226918BD008F6BB0 /* TopicVC.swift */,
				778629C6225D0105009BDE15 /* TopicListVC.swift */,
				772374F2228B79470077BF79 /* Constant.swift */,
			);
			path = Core;
			sourceTree = "<group>";
		};
		778629B8225D0105009BDE15 = {
			isa = PBXGroup;
			children = (
				778629C3225D0105009BDE15 /* ExploreRxSwift */,
				778629D8225D0106009BDE15 /* ExploreRxSwiftTests */,
				778629C2225D0105009BDE15 /* Products */,
				779B17ED22692901008F6BB0 /* Frameworks */,
			);
			sourceTree = "<group>";
		};
		778629C2225D0105009BDE15 /* Products */ = {
			isa = PBXGroup;
			children = (
				778629C1225D0105009BDE15 /* ExploreRxSwift.app */,
				778629D5225D0106009BDE15 /* ExploreRxSwiftTests.xctest */,
			);
			name = Products;
			sourceTree = "<group>";
		};
		778629C3225D0105009BDE15 /* ExploreRxSwift */ = {
			isa = PBXGroup;
			children = (
				775E2C69227B5A3200CEF06C /* Core */,
				779B17D92269115F008F6BB0 /* Models */,
				779B17D822691154008F6BB0 /* Examples */,
				778629C4225D0105009BDE15 /* AppDelegate.swift */,
				778629CB225D0106009BDE15 /* Assets.xcassets */,
				778629CD225D0106009BDE15 /* LaunchScreen.storyboard */,
				778629D0225D0106009BDE15 /* Info.plist */,
			);
			path = ExploreRxSwift;
			sourceTree = "<group>";
		};
		778629D8225D0106009BDE15 /* ExploreRxSwiftTests */ = {
			isa = PBXGroup;
			children = (
				778629D9225D0106009BDE15 /* ExploreRxSwiftTests.swift */,
				778629DB225D0106009BDE15 /* Info.plist */,
			);
			path = ExploreRxSwiftTests;
			sourceTree = "<group>";
		};
		77938E5322B06F9C00CA5734 /* Ext */ = {
			isa = PBXGroup;
			children = (
				77938E5422B06FAD00CA5734 /* bufferWithTrigger.swift */,
			);
			path = Ext;
			sourceTree = "<group>";
		};
		779B17D822691154008F6BB0 /* Examples */ = {
			isa = PBXGroup;
			children = (
				779B17DA22691182008F6BB0 /* BackgroundAndConcurrencyVC.swift */,
				77C8C87F2279023E00E66AB6 /* AccumulateCallsVC.swift */,
				77E365B42294AE4E0095EE17 /* SimplePollingVC.swift */,
				77C8C88122790CDC00E66AB6 /* DebounceTextFieldVC.swift */,
				772374F0228B75580077BF79 /* FormValidationVC.swift */,
				77EFB9E722A72ABF009CA53B /* TwoWayDataBindingVC.swift */,
				77938E5122B0635F00CA5734 /* EventBusVC.swift */,
				D41281492272CF2F0053D8F4 /* GitHubReposVC.swift */,
			);
			path = Examples;
			sourceTree = "<group>";
		};
		779B17D92269115F008F6BB0 /* Models */ = {
			isa = PBXGroup;
			children = (
				779B17D622691146008F6BB0 /* Topics.swift */,
				D41281452272CD7E0053D8F4 /* GitHubAPI.swift */,
				D41281472272CE0A0053D8F4 /* Repo.swift */,
			);
			path = Models;
			sourceTree = "<group>";
		};
		779B17ED22692901008F6BB0 /* Frameworks */ = {
			isa = PBXGroup;
			children = (
				779B17EE22692902008F6BB0 /* RxAtomic.framework */,
				779B17F022692902008F6BB0 /* RxBlocking.framework */,
				779B17EF22692902008F6BB0 /* RxCocoa.framework */,
				779B17F122692902008F6BB0 /* RxSwift.framework */,
			);
			name = Frameworks;
			sourceTree = "<group>";
		};
/* End PBXGroup section */

/* Begin PBXNativeTarget section */
		778629C0225D0105009BDE15 /* ExploreRxSwift */ = {
			isa = PBXNativeTarget;
			buildConfigurationList = 778629DE225D0106009BDE15 /* Build configuration list for PBXNativeTarget "ExploreRxSwift" */;
			buildPhases = (
				778629BD225D0105009BDE15 /* Sources */,
				778629BE225D0105009BDE15 /* Frameworks */,
				778629BF225D0105009BDE15 /* Resources */,
				779B17EC226928EB008F6BB0 /* Embed Frameworks */,
				779B17F622692925008F6BB0 /* ShellScript */,
			);
			buildRules = (
			);
			dependencies = (
			);
			name = ExploreRxSwift;
			productName = ExploreRxSwift;
			productReference = 778629C1225D0105009BDE15 /* ExploreRxSwift.app */;
			productType = "com.apple.product-type.application";
		};
		778629D4225D0106009BDE15 /* ExploreRxSwiftTests */ = {
			isa = PBXNativeTarget;
			buildConfigurationList = 778629E1225D0106009BDE15 /* Build configuration list for PBXNativeTarget "ExploreRxSwiftTests" */;
			buildPhases = (
				778629D1225D0106009BDE15 /* Sources */,
				778629D2225D0106009BDE15 /* Frameworks */,
				778629D3225D0106009BDE15 /* Resources */,
			);
			buildRules = (
			);
			dependencies = (
				778629D7225D0106009BDE15 /* PBXTargetDependency */,
			);
			name = ExploreRxSwiftTests;
			productName = ExploreRxSwiftTests;
			productReference = 778629D5225D0106009BDE15 /* ExploreRxSwiftTests.xctest */;
			productType = "com.apple.product-type.bundle.unit-test";
		};
/* End PBXNativeTarget section */

/* Begin PBXProject section */
		778629B9225D0105009BDE15 /* Project object */ = {
			isa = PBXProject;
			attributes = {
				LastSwiftUpdateCheck = 1020;
				LastUpgradeCheck = 1020;
				ORGANIZATIONNAME = markopejovic;
				TargetAttributes = {
					778629C0225D0105009BDE15 = {
						CreatedOnToolsVersion = 10.2;
					};
					778629D4225D0106009BDE15 = {
						CreatedOnToolsVersion = 10.2;
						TestTargetID = 778629C0225D0105009BDE15;
					};
				};
			};
			buildConfigurationList = 778629BC225D0105009BDE15 /* Build configuration list for PBXProject "ExploreRxSwift" */;
			compatibilityVersion = "Xcode 9.3";
			developmentRegion = en;
			hasScannedForEncodings = 0;
			knownRegions = (
				en,
				Base,
			);
			mainGroup = 778629B8225D0105009BDE15;
			productRefGroup = 778629C2225D0105009BDE15 /* Products */;
			projectDirPath = "";
			projectRoot = "";
			targets = (
				778629C0225D0105009BDE15 /* ExploreRxSwift */,
				778629D4225D0106009BDE15 /* ExploreRxSwiftTests */,
			);
		};
/* End PBXProject section */

/* Begin PBXResourcesBuildPhase section */
		778629BF225D0105009BDE15 /* Resources */ = {
			isa = PBXResourcesBuildPhase;
			buildActionMask = 2147483647;
			files = (
				778629CF225D0106009BDE15 /* LaunchScreen.storyboard in Resources */,
				778629CC225D0106009BDE15 /* Assets.xcassets in Resources */,
			);
			runOnlyForDeploymentPostprocessing = 0;
		};
		778629D3225D0106009BDE15 /* Resources */ = {
			isa = PBXResourcesBuildPhase;
			buildActionMask = 2147483647;
			files = (
			);
			runOnlyForDeploymentPostprocessing = 0;
		};
/* End PBXResourcesBuildPhase section */

/* Begin PBXShellScriptBuildPhase section */
		779B17F622692925008F6BB0 /* ShellScript */ = {
			isa = PBXShellScriptBuildPhase;
			buildActionMask = 2147483647;
			files = (
			);
			inputFileListPaths = (
			);
			inputPaths = (
				"$(SRCROOT)/Carthage/Build/iOS/RxAtomic.framework",
				"$(SRCROOT)/Carthage/Build/iOS/RxBlocking.framework",
				"$(SRCROOT)/Carthage/Build/iOS/RxCocoa.framework",
				"$(SRCROOT)/Carthage/Build/iOS/RxSwift.framework",
			);
			outputFileListPaths = (
			);
			outputPaths = (
				"$(BUILT_PRODUCTS_DIR)/$(FRAMEWORKS_FOLDER_PATH)/RxAtomic.framework",
				"$(BUILT_PRODUCTS_DIR)/$(FRAMEWORKS_FOLDER_PATH)/RxBlocking.framework",
				"$(BUILT_PRODUCTS_DIR)/$(FRAMEWORKS_FOLDER_PATH)/RxCocoa.framework",
				"$(BUILT_PRODUCTS_DIR)/$(FRAMEWORKS_FOLDER_PATH)/RxSwift.framework",
			);
			runOnlyForDeploymentPostprocessing = 0;
			shellPath = /bin/sh;
			shellScript = "/usr/local/bin/carthage copy-frameworks\n";
		};
/* End PBXShellScriptBuildPhase section */

/* Begin PBXSourcesBuildPhase section */
		778629BD225D0105009BDE15 /* Sources */ = {
			isa = PBXSourcesBuildPhase;
			buildActionMask = 2147483647;
			files = (
				779B17DB22691182008F6BB0 /* BackgroundAndConcurrencyVC.swift in Sources */,
				77E365B52294AE4E0095EE17 /* SimplePollingVC.swift in Sources */,
				77B86B9F226FC7FE00727D42 /* Log.swift in Sources */,
				772374F3228B79470077BF79 /* Constant.swift in Sources */,
				D41281482272CE0A0053D8F4 /* Repo.swift in Sources */,
				772374F1228B75580077BF79 /* FormValidationVC.swift in Sources */,
				779B17D722691146008F6BB0 /* Topics.swift in Sources */,
				D412814A2272CF2F0053D8F4 /* GitHubReposVC.swift in Sources */,
				778629C7225D0105009BDE15 /* TopicListVC.swift in Sources */,
				779B17DF226918BD008F6BB0 /* TopicVC.swift in Sources */,
				77C8C8802279023E00E66AB6 /* AccumulateCallsVC.swift in Sources */,
				77C8C88222790CDC00E66AB6 /* DebounceTextFieldVC.swift in Sources */,
				778629C5225D0105009BDE15 /* AppDelegate.swift in Sources */,
				77EFB9E822A72ABF009CA53B /* TwoWayDataBindingVC.swift in Sources */,
				77938E5222B0635F00CA5734 /* EventBusVC.swift in Sources */,
				D41281462272CD7E0053D8F4 /* GitHubAPI.swift in Sources */,
				77938E5522B06FAD00CA5734 /* bufferWithTrigger.swift in Sources */,
				775E2C6B227B5A4B00CEF06C /* OutputPresenting.swift in Sources */,
			);
			runOnlyForDeploymentPostprocessing = 0;
		};
		778629D1225D0106009BDE15 /* Sources */ = {
			isa = PBXSourcesBuildPhase;
			buildActionMask = 2147483647;
			files = (
				778629DA225D0106009BDE15 /* ExploreRxSwiftTests.swift in Sources */,
			);
			runOnlyForDeploymentPostprocessing = 0;
		};
/* End PBXSourcesBuildPhase section */

/* Begin PBXTargetDependency section */
		778629D7225D0106009BDE15 /* PBXTargetDependency */ = {
			isa = PBXTargetDependency;
			target = 778629C0225D0105009BDE15 /* ExploreRxSwift */;
			targetProxy = 778629D6225D0106009BDE15 /* PBXContainerItemProxy */;
		};
/* End PBXTargetDependency section */

/* Begin PBXVariantGroup section */
		778629CD225D0106009BDE15 /* LaunchScreen.storyboard */ = {
			isa = PBXVariantGroup;
			children = (
				778629CE225D0106009BDE15 /* Base */,
			);
			name = LaunchScreen.storyboard;
			sourceTree = "<group>";
		};
/* End PBXVariantGroup section */

/* Begin XCBuildConfiguration section */
		778629DC225D0106009BDE15 /* Debug */ = {
			isa = XCBuildConfiguration;
			buildSettings = {
				ALWAYS_SEARCH_USER_PATHS = NO;
				CLANG_ANALYZER_NONNULL = YES;
				CLANG_ANALYZER_NUMBER_OBJECT_CONVERSION = YES_AGGRESSIVE;
				CLANG_CXX_LANGUAGE_STANDARD = "gnu++14";
				CLANG_CXX_LIBRARY = "libc++";
				CLANG_ENABLE_MODULES = YES;
				CLANG_ENABLE_OBJC_ARC = YES;
				CLANG_ENABLE_OBJC_WEAK = YES;
				CLANG_WARN_BLOCK_CAPTURE_AUTORELEASING = YES;
				CLANG_WARN_BOOL_CONVERSION = YES;
				CLANG_WARN_COMMA = YES;
				CLANG_WARN_CONSTANT_CONVERSION = YES;
				CLANG_WARN_DEPRECATED_OBJC_IMPLEMENTATIONS = YES;
				CLANG_WARN_DIRECT_OBJC_ISA_USAGE = YES_ERROR;
				CLANG_WARN_DOCUMENTATION_COMMENTS = YES;
				CLANG_WARN_EMPTY_BODY = YES;
				CLANG_WARN_ENUM_CONVERSION = YES;
				CLANG_WARN_INFINITE_RECURSION = YES;
				CLANG_WARN_INT_CONVERSION = YES;
				CLANG_WARN_NON_LITERAL_NULL_CONVERSION = YES;
				CLANG_WARN_OBJC_IMPLICIT_RETAIN_SELF = YES;
				CLANG_WARN_OBJC_LITERAL_CONVERSION = YES;
				CLANG_WARN_OBJC_ROOT_CLASS = YES_ERROR;
				CLANG_WARN_RANGE_LOOP_ANALYSIS = YES;
				CLANG_WARN_STRICT_PROTOTYPES = YES;
				CLANG_WARN_SUSPICIOUS_MOVE = YES;
				CLANG_WARN_UNGUARDED_AVAILABILITY = YES_AGGRESSIVE;
				CLANG_WARN_UNREACHABLE_CODE = YES;
				CLANG_WARN__DUPLICATE_METHOD_MATCH = YES;
				CODE_SIGN_IDENTITY = "iPhone Developer";
				COPY_PHASE_STRIP = NO;
				DEBUG_INFORMATION_FORMAT = dwarf;
				ENABLE_STRICT_OBJC_MSGSEND = YES;
				ENABLE_TESTABILITY = YES;
				GCC_C_LANGUAGE_STANDARD = gnu11;
				GCC_DYNAMIC_NO_PIC = NO;
				GCC_NO_COMMON_BLOCKS = YES;
				GCC_OPTIMIZATION_LEVEL = 0;
				GCC_PREPROCESSOR_DEFINITIONS = (
					"DEBUG=1",
					"$(inherited)",
				);
				GCC_WARN_64_TO_32_BIT_CONVERSION = YES;
				GCC_WARN_ABOUT_RETURN_TYPE = YES_ERROR;
				GCC_WARN_UNDECLARED_SELECTOR = YES;
				GCC_WARN_UNINITIALIZED_AUTOS = YES_AGGRESSIVE;
				GCC_WARN_UNUSED_FUNCTION = YES;
				GCC_WARN_UNUSED_VARIABLE = YES;
				IPHONEOS_DEPLOYMENT_TARGET = 12.2;
				MTL_ENABLE_DEBUG_INFO = INCLUDE_SOURCE;
				MTL_FAST_MATH = YES;
				ONLY_ACTIVE_ARCH = YES;
				SDKROOT = iphoneos;
				SWIFT_ACTIVE_COMPILATION_CONDITIONS = DEBUG;
				SWIFT_OPTIMIZATION_LEVEL = "-Onone";
			};
			name = Debug;
		};
		778629DD225D0106009BDE15 /* Release */ = {
			isa = XCBuildConfiguration;
			buildSettings = {
				ALWAYS_SEARCH_USER_PATHS = NO;
				CLANG_ANALYZER_NONNULL = YES;
				CLANG_ANALYZER_NUMBER_OBJECT_CONVERSION = YES_AGGRESSIVE;
				CLANG_CXX_LANGUAGE_STANDARD = "gnu++14";
				CLANG_CXX_LIBRARY = "libc++";
				CLANG_ENABLE_MODULES = YES;
				CLANG_ENABLE_OBJC_ARC = YES;
				CLANG_ENABLE_OBJC_WEAK = YES;
				CLANG_WARN_BLOCK_CAPTURE_AUTORELEASING = YES;
				CLANG_WARN_BOOL_CONVERSION = YES;
				CLANG_WARN_COMMA = YES;
				CLANG_WARN_CONSTANT_CONVERSION = YES;
				CLANG_WARN_DEPRECATED_OBJC_IMPLEMENTATIONS = YES;
				CLANG_WARN_DIRECT_OBJC_ISA_USAGE = YES_ERROR;
				CLANG_WARN_DOCUMENTATION_COMMENTS = YES;
				CLANG_WARN_EMPTY_BODY = YES;
				CLANG_WARN_ENUM_CONVERSION = YES;
				CLANG_WARN_INFINITE_RECURSION = YES;
				CLANG_WARN_INT_CONVERSION = YES;
				CLANG_WARN_NON_LITERAL_NULL_CONVERSION = YES;
				CLANG_WARN_OBJC_IMPLICIT_RETAIN_SELF = YES;
				CLANG_WARN_OBJC_LITERAL_CONVERSION = YES;
				CLANG_WARN_OBJC_ROOT_CLASS = YES_ERROR;
				CLANG_WARN_RANGE_LOOP_ANALYSIS = YES;
				CLANG_WARN_STRICT_PROTOTYPES = YES;
				CLANG_WARN_SUSPICIOUS_MOVE = YES;
				CLANG_WARN_UNGUARDED_AVAILABILITY = YES_AGGRESSIVE;
				CLANG_WARN_UNREACHABLE_CODE = YES;
				CLANG_WARN__DUPLICATE_METHOD_MATCH = YES;
				CODE_SIGN_IDENTITY = "iPhone Developer";
				COPY_PHASE_STRIP = NO;
				DEBUG_INFORMATION_FORMAT = "dwarf-with-dsym";
				ENABLE_NS_ASSERTIONS = NO;
				ENABLE_STRICT_OBJC_MSGSEND = YES;
				GCC_C_LANGUAGE_STANDARD = gnu11;
				GCC_NO_COMMON_BLOCKS = YES;
				GCC_WARN_64_TO_32_BIT_CONVERSION = YES;
				GCC_WARN_ABOUT_RETURN_TYPE = YES_ERROR;
				GCC_WARN_UNDECLARED_SELECTOR = YES;
				GCC_WARN_UNINITIALIZED_AUTOS = YES_AGGRESSIVE;
				GCC_WARN_UNUSED_FUNCTION = YES;
				GCC_WARN_UNUSED_VARIABLE = YES;
				IPHONEOS_DEPLOYMENT_TARGET = 12.2;
				MTL_ENABLE_DEBUG_INFO = NO;
				MTL_FAST_MATH = YES;
				SDKROOT = iphoneos;
				SWIFT_COMPILATION_MODE = wholemodule;
				SWIFT_OPTIMIZATION_LEVEL = "-O";
				VALIDATE_PRODUCT = YES;
			};
			name = Release;
		};
		778629DF225D0106009BDE15 /* Debug */ = {
			isa = XCBuildConfiguration;
			buildSettings = {
				ASSETCATALOG_COMPILER_APPICON_NAME = AppIcon;
				CODE_SIGN_STYLE = Automatic;
				DEVELOPMENT_TEAM = 5U3DBFFCAK;
				FRAMEWORK_SEARCH_PATHS = (
					"$(inherited)",
					"$(PROJECT_DIR)/Carthage/Build/iOS",
				);
				INFOPLIST_FILE = ExploreRxSwift/Info.plist;
				LD_RUNPATH_SEARCH_PATHS = (
					"$(inherited)",
					"@executable_path/Frameworks",
				);
				PRODUCT_BUNDLE_IDENTIFIER = markopejovic.ExploreRxSwift;
				PRODUCT_NAME = "$(TARGET_NAME)";
				SWIFT_VERSION = 5.0;
				TARGETED_DEVICE_FAMILY = "1,2";
			};
			name = Debug;
		};
		778629E0225D0106009BDE15 /* Release */ = {
			isa = XCBuildConfiguration;
			buildSettings = {
				ASSETCATALOG_COMPILER_APPICON_NAME = AppIcon;
				CODE_SIGN_STYLE = Automatic;
				DEVELOPMENT_TEAM = 5U3DBFFCAK;
				FRAMEWORK_SEARCH_PATHS = (
					"$(inherited)",
					"$(PROJECT_DIR)/Carthage/Build/iOS",
				);
				INFOPLIST_FILE = ExploreRxSwift/Info.plist;
				LD_RUNPATH_SEARCH_PATHS = (
					"$(inherited)",
					"@executable_path/Frameworks",
				);
				PRODUCT_BUNDLE_IDENTIFIER = markopejovic.ExploreRxSwift;
				PRODUCT_NAME = "$(TARGET_NAME)";
				SWIFT_VERSION = 5.0;
				TARGETED_DEVICE_FAMILY = "1,2";
			};
			name = Release;
		};
		778629E2225D0106009BDE15 /* Debug */ = {
			isa = XCBuildConfiguration;
			buildSettings = {
				ALWAYS_EMBED_SWIFT_STANDARD_LIBRARIES = YES;
				BUNDLE_LOADER = "$(TEST_HOST)";
				CODE_SIGN_STYLE = Automatic;
				DEVELOPMENT_TEAM = 5U3DBFFCAK;
				INFOPLIST_FILE = ExploreRxSwiftTests/Info.plist;
				LD_RUNPATH_SEARCH_PATHS = (
					"$(inherited)",
					"@executable_path/Frameworks",
					"@loader_path/Frameworks",
				);
				PRODUCT_BUNDLE_IDENTIFIER = markopejovic.ExploreRxSwiftTests;
				PRODUCT_NAME = "$(TARGET_NAME)";
				SWIFT_VERSION = 5.0;
				TARGETED_DEVICE_FAMILY = "1,2";
				TEST_HOST = "$(BUILT_PRODUCTS_DIR)/ExploreRxSwift.app/ExploreRxSwift";
			};
			name = Debug;
		};
		778629E3225D0106009BDE15 /* Release */ = {
			isa = XCBuildConfiguration;
			buildSettings = {
				ALWAYS_EMBED_SWIFT_STANDARD_LIBRARIES = YES;
				BUNDLE_LOADER = "$(TEST_HOST)";
				CODE_SIGN_STYLE = Automatic;
				DEVELOPMENT_TEAM = 5U3DBFFCAK;
				INFOPLIST_FILE = ExploreRxSwiftTests/Info.plist;
				LD_RUNPATH_SEARCH_PATHS = (
					"$(inherited)",
					"@executable_path/Frameworks",
					"@loader_path/Frameworks",
				);
				PRODUCT_BUNDLE_IDENTIFIER = markopejovic.ExploreRxSwiftTests;
				PRODUCT_NAME = "$(TARGET_NAME)";
				SWIFT_VERSION = 5.0;
				TARGETED_DEVICE_FAMILY = "1,2";
				TEST_HOST = "$(BUILT_PRODUCTS_DIR)/ExploreRxSwift.app/ExploreRxSwift";
			};
			name = Release;
		};
/* End XCBuildConfiguration section */

/* Begin XCConfigurationList section */
		778629BC225D0105009BDE15 /* Build configuration list for PBXProject "ExploreRxSwift" */ = {
			isa = XCConfigurationList;
			buildConfigurations = (
				778629DC225D0106009BDE15 /* Debug */,
				778629DD225D0106009BDE15 /* Release */,
			);
			defaultConfigurationIsVisible = 0;
			defaultConfigurationName = Release;
		};
		778629DE225D0106009BDE15 /* Build configuration list for PBXNativeTarget "ExploreRxSwift" */ = {
			isa = XCConfigurationList;
			buildConfigurations = (
				778629DF225D0106009BDE15 /* Debug */,
				778629E0225D0106009BDE15 /* Release */,
			);
			defaultConfigurationIsVisible = 0;
			defaultConfigurationName = Release;
		};
		778629E1225D0106009BDE15 /* Build configuration list for PBXNativeTarget "ExploreRxSwiftTests" */ = {
			isa = XCConfigurationList;
			buildConfigurations = (
				778629E2225D0106009BDE15 /* Debug */,
				778629E3225D0106009BDE15 /* Release */,
			);
			defaultConfigurationIsVisible = 0;
			defaultConfigurationName = Release;
		};
/* End XCConfigurationList section */
	};
	rootObject = 778629B9225D0105009BDE15 /* Project object */;
}
